PODS:
  - boost-for-react-native (1.63.0)
  - BoringSSL (10.0.2):
    - BoringSSL/Implementation (= 10.0.2)
    - BoringSSL/Interface (= 10.0.2)
  - BoringSSL/Implementation (10.0.2):
    - BoringSSL/Interface (= 10.0.2)
  - BoringSSL/Interface (10.0.2)
  - DoubleConversion (1.1.5)
  - Firebase/Auth (4.13.0):
    - Firebase/Core
    - FirebaseAuth (= 4.6.1)
  - Firebase/Core (4.13.0):
    - FirebaseAnalytics (= 4.2.0)
    - FirebaseCore (= 4.0.20)
  - Firebase/Firestore (4.13.0):
    - Firebase/Core
    - FirebaseFirestore (= 0.11.0)
  - Firebase/Messaging (4.13.0):
    - Firebase/Core
    - FirebaseMessaging (= 2.2.0)
  - FirebaseAnalytics (4.2.0):
    - FirebaseCore (~> 4.0)
    - FirebaseInstanceID (~> 2.0)
    - GoogleToolboxForMac/NSData+zlib (~> 2.1)
    - nanopb (~> 0.3)
  - FirebaseAuth (4.6.1):
    - FirebaseAnalytics (~> 4.2)
    - GoogleToolboxForMac/NSDictionary+URLArguments (~> 2.1)
    - GTMSessionFetcher/Core (~> 1.1)
  - FirebaseCore (4.0.20):
    - GoogleToolboxForMac/NSData+zlib (~> 2.1)
  - FirebaseFirestore (0.11.0):
    - FirebaseAnalytics (~> 4.1)
    - FirebaseCore (~> 4.0)
    - gRPC-ProtoRPC (~> 1.0)
    - leveldb-library (~> 1.18)
    - Protobuf (~> 3.5)
  - FirebaseInstanceID (2.0.10):
    - FirebaseCore (~> 4.0)
  - FirebaseMessaging (2.2.0):
    - FirebaseAnalytics (~> 4.1)
    - FirebaseCore (~> 4.0)
    - FirebaseInstanceID (~> 2.0)
    - GoogleToolboxForMac/Logger (~> 2.1)
    - Protobuf (~> 3.5)
  - Folly (2016.09.26.00):
    - boost-for-react-native
    - DoubleConversion
    - glog
  - glog (0.3.4)
  - GoogleSignIn (4.1.2):
    - GoogleToolboxForMac/NSDictionary+URLArguments (~> 2.1)
    - GoogleToolboxForMac/NSString+URLArguments (~> 2.1)
    - GTMOAuth2 (~> 1.0)
    - GTMSessionFetcher/Core (~> 1.1)
  - GoogleToolboxForMac/DebugUtils (2.1.4):
    - GoogleToolboxForMac/Defines (= 2.1.4)
  - GoogleToolboxForMac/Defines (2.1.4)
  - GoogleToolboxForMac/Logger (2.1.4):
    - GoogleToolboxForMac/Defines (= 2.1.4)
  - GoogleToolboxForMac/NSData+zlib (2.1.4):
    - GoogleToolboxForMac/Defines (= 2.1.4)
  - GoogleToolboxForMac/NSDictionary+URLArguments (2.1.4):
    - GoogleToolboxForMac/DebugUtils (= 2.1.4)
    - GoogleToolboxForMac/Defines (= 2.1.4)
    - GoogleToolboxForMac/NSString+URLArguments (= 2.1.4)
  - GoogleToolboxForMac/NSString+URLArguments (2.1.4)
  - gRPC (1.11.0):
    - gRPC-RxLibrary (= 1.11.0)
    - gRPC/Main (= 1.11.0)
  - gRPC-Core (1.11.0):
    - gRPC-Core/Implementation (= 1.11.0)
    - gRPC-Core/Interface (= 1.11.0)
  - gRPC-Core/Implementation (1.11.0):
    - BoringSSL (~> 10.0)
    - gRPC-Core/Interface (= 1.11.0)
    - nanopb (~> 0.3)
  - gRPC-Core/Interface (1.11.0)
  - gRPC-ProtoRPC (1.11.0):
    - gRPC (= 1.11.0)
    - gRPC-RxLibrary (= 1.11.0)
    - Protobuf (~> 3.0)
  - gRPC-RxLibrary (1.11.0)
  - gRPC/Main (1.11.0):
    - gRPC-Core (= 1.11.0)
    - gRPC-RxLibrary (= 1.11.0)
  - GTMOAuth2 (1.1.6):
    - GTMSessionFetcher (~> 1.1)
  - GTMSessionFetcher (1.1.15):
    - GTMSessionFetcher/Full (= 1.1.15)
  - GTMSessionFetcher/Core (1.1.15)
  - GTMSessionFetcher/Full (1.1.15):
    - GTMSessionFetcher/Core (= 1.1.15)
  - KSCrash/Core (1.15.18):
    - KSCrash/Reporting/Filters/Basic
  - KSCrash/Recording (1.15.18):
    - KSCrash/Recording/Tools (= 1.15.18)
  - KSCrash/Recording/Tools (1.15.18)
  - KSCrash/Reporting/Filters/Base (1.15.18):
    - KSCrash/Recording
  - KSCrash/Reporting/Filters/Basic (1.15.18):
    - KSCrash/Recording
    - KSCrash/Reporting/Filters/Base
  - leveldb-library (1.20)
  - nanopb (0.3.8):
    - nanopb/decode (= 0.3.8)
    - nanopb/encode (= 0.3.8)
  - nanopb/decode (0.3.8)
  - nanopb/encode (0.3.8)
  - Picker (4.3.5):
    - Picker/Core (= 4.3.5)
  - Picker/Core (4.3.5)
  - Protobuf (3.5.0)
  - React (0.55.3):
    - React/Core (= 0.55.3)
  - react-native-config (0.11.5):
    - React
  - react-native-splash-screen (3.0.6):
    - React
  - React/Core (0.55.3):
    - yoga (= 0.55.3.React)
  - React/CxxBridge (0.55.3):
    - Folly (= 2016.09.26.00)
    - React/Core
    - React/cxxreact
  - React/cxxreact (0.55.3):
    - boost-for-react-native (= 1.63.0)
    - Folly (= 2016.09.26.00)
    - React/jschelpers
    - React/jsinspector
  - React/DevSupport (0.55.3):
    - React/Core
    - React/RCTWebSocket
  - React/fishhook (0.55.3)
  - React/jschelpers (0.55.3):
    - Folly (= 2016.09.26.00)
    - React/PrivateDatabase
  - React/jsinspector (0.55.3)
  - React/PrivateDatabase (0.55.3)
  - React/RCTBlob (0.55.3):
    - React/Core
  - React/RCTNetwork (0.55.3):
    - React/Core
  - React/RCTWebSocket (0.55.3):
    - React/Core
    - React/fishhook
    - React/RCTBlob
  - RNI18n (2.0.12):
    - React
  - RNVectorIcons (4.6.0):
    - React
  - Sentry (3.12.4):
    - Sentry/Core (= 3.12.4)
    - Sentry/KSCrash (= 3.12.4)
  - Sentry/Core (3.12.4)
  - Sentry/KSCrash (3.12.4):
    - KSCrash/Core (~> 1.15.12)
  - SentryReactNative (0.36.0):
    - Sentry (~> 3.12.4)
    - Sentry/KSCrash (~> 3.12.4)
  - yoga (0.55.3.React)

DEPENDENCIES:
  - Firebase/Auth
  - Firebase/Core
  - Firebase/Firestore
  - Firebase/Messaging
  - GoogleSignIn
  - Picker (from `../node_modules/react-native-picker`)
  - react-native-config (from `../node_modules/react-native-config`)
  - react-native-splash-screen (from `../node_modules/react-native-splash-screen`)
  - React/Core (from `../node_modules/react-native`)
  - React/CxxBridge (from `../node_modules/react-native`)
  - React/DevSupport (from `../node_modules/react-native`)
  - React/RCTNetwork (from `../node_modules/react-native`)
  - RNI18n (from `../node_modules/react-native-i18n`)
  - RNVectorIcons (from `../node_modules/react-native-vector-icons`)
  - SentryReactNative (from `../node_modules/react-native-sentry`)
  - yoga (from `../node_modules/react-native/ReactCommon/yoga`)

EXTERNAL SOURCES:
  Picker:
    :path: ../node_modules/react-native-picker
  React:
    :path: ../node_modules/react-native
  react-native-config:
    :path: ../node_modules/react-native-config
  react-native-splash-screen:
    :path: ../node_modules/react-native-splash-screen
  RNI18n:
    :path: ../node_modules/react-native-i18n
  RNVectorIcons:
    :path: ../node_modules/react-native-vector-icons
  SentryReactNative:
    :path: ../node_modules/react-native-sentry
  yoga:
    :path: ../node_modules/react-native/ReactCommon/yoga

SPEC CHECKSUMS:
  boost-for-react-native: 39c7adb57c4e60d6c5479dd8623128eb5b3f0f2c
  BoringSSL: 60dd24df4af296bf41d78e5841dbb95d75f88c0d
  DoubleConversion: e22e0762848812a87afd67ffda3998d9ef29170c
  Firebase: 5ec5e863d269d82d66b4bf56856726f8fb8f0fb3
  FirebaseAnalytics: 7ef69e76a5142f643aeb47c780e1cdce4e23632e
  FirebaseAuth: bf22cacf22c60ab454bf2636f556d8892b10b53f
  FirebaseCore: 90cb1c53d69b556f112a1bf72b5fcfaad7650790
  FirebaseFirestore: e92a096ce80c7b4b905d4e9d41dbd944adc9d2a5
  FirebaseInstanceID: 8d20d890d65c917f9f7d9950b6e10a760ad34321
  FirebaseMessaging: 75cdb862e86c30e0913a2ff307e48d49357c5b73
  Folly: 211775e49d8da0ca658aebc8eab89d642935755c
  glog: 1de0bb937dccdc981596d3b5825ebfb765017ded
  GoogleSignIn: d9ef55b10f0aa401a5de2747f59b725e4b9732ac
  GoogleToolboxForMac: 91c824d21e85b31c2aae9bb011c5027c9b4e738f
  gRPC: 70703dc9ba31c72341fc7f37745cc1c379edee96
  gRPC-Core: 164639cd8ae18ca8b65477fafb2efbaecf4f181a
  gRPC-ProtoRPC: bb5fddf3424aa4fad74d76736578a79fe40e244e
  gRPC-RxLibrary: 26d53d1b1f306befd4ad4e15bd6de27839a82481
  GTMOAuth2: c77fe325e4acd453837e72d91e3b5f13116857b2
  GTMSessionFetcher: 5fa5b80fd20e439ef5f545fb2cb3ca6c6714caa2
  KSCrash: 5394936f41e5c1ef7b79cf79b30d53299b0c160e
  leveldb-library: 08cba283675b7ed2d99629a4bc5fd052cd2bb6a5
  nanopb: 5601e6bca2dbf1ed831b519092ec110f66982ca3
  Picker: f11a9887a32fb5112a31851bbf523362af0f7bbc
  Protobuf: 8a9838fba8dae3389230e1b7f8c104aa32389c03
  React: aa2040dbb6f317b95314968021bd2888816e03d5
  react-native-config: 408003951fd9d8b1dfd7ebf535f67c315f44d823
  react-native-splash-screen: 8e3f866dc79bfe533baeffd0a38c33f7a7eae7f8
  RNI18n: db9be06a40336f04d136f24dd5de3f5eb9f3207c
  RNVectorIcons: c0dbfbf6068fefa240c37b0f71bd03b45dddac44
  Sentry: 7d3ea7176e5184e9c35c12a5825905345807e8c1
  SentryReactNative: de2a4cfbfea1c2dadc402fa41d925bfcd77ccaf9
  yoga: a23273df0088bf7f2bb7e5d7b00044ea57a2a54a

PODFILE CHECKSUM: 772db10918961ccf103bb979036888024eff6f35

COCOAPODS: 1.4.0
